{
  "object": {
    "pins": [
      {
        "package": "tdLBApi",
        "repositoryURL": "https://github.com/ay42/tdLBApi.git",
        "state": {
          "branch": "master",
          "revision": "0df8afb166c6e3c7b33a4bb91afbdb816ac914e6",
          "version": null
        }
      },
      {
        "package": "tdLBGeometryRushtonTurbineLib",
        "repositoryURL": "git@github.com:ay42/tdLBGeometryRushtonTurbineLib.git",
        "state": {
          "branch": "master",
          "revision": "7896dcb810b441b409aac23c38c48cbdad64002c",
          "version": null
        }
      }
    ]
  },
  "version": 1
}
