{
  "object": {
    "pins": [
      {
        "package": "tdLBApi",
        "repositoryURL": "https://github.com/turbulentdynamics/tdLBApi.git",
        "state": {
          "branch": null,
          "revision": "3aec0299da2572b9a3890ee94586f35b419c1dc4",
          "version": "0.0.2"
        }
      },
      {
        "package": "tdLBGeometryRushtonTurbineLib",
        "repositoryURL": "git@github.com:TurbulentDynamics/tdLBGeometryRushtonTurbineLib.git",
        "state": {
          "branch": null,
          "revision": "0571725919fb2e02b5ca90001fc2c3e16fb90a95",
          "version": "0.0.2"
        }
      }
    ]
  },
  "version": 1
}
