{
  "object": {
    "pins": [
      {
        "package": "tdLBApi",
        "repositoryURL": "https://github.com/turbulentdynamics/tdLBApi.git",
        "state": {
          "branch": null,
          "revision": "fd3285c5d7cec8fb2d5c0b2a756749e41edd1f50",
          "version": "0.0.3"
        }
      },
      {
        "package": "tdLBGeometryRushtonTurbineLib",
        "repositoryURL": "git@github.com:TurbulentDynamics/tdLBGeometryRushtonTurbineLib.git",
        "state": {
          "branch": null,
          "revision": "8d227cf15ed985ccf3e52a6298b9a14f8a821c41",
          "version": "0.0.3"
        }
      }
    ]
  },
  "version": 1
}
